
Microsoft Visual Studio Solution File, Format Version 12.00
# Visual Studio Version 16
VisualStudioVersion = 16.0.29709.97
MinimumVisualStudioVersion = 10.0.40219.1
Project("{9A19103F-16F7-4668-BE54-9A1E7A4F7556}") = "Module1", "Module1\Module1.csproj", "{DC03BDC5-F946-4B80-9377-A2B1766BEEEA}"
EndProject
Project("{9A19103F-16F7-4668-BE54-9A1E7A4F7556}") = "Module1.Test", "Module1.Test\Module1.Test.csproj", "{ED854EC5-3628-4A41-BC88-415303450215}"
EndProject
Project("{2150E333-8FDC-42A3-9474-1A3956D46DE8}") = "Solution Items", "Solution Items", "{B6D58E4A-79AB-464E-8DE7-EA524A603486}"
	ProjectSection(SolutionItems) = preProject
		readme.md = readme.md
		reference.png = reference.png
	EndProjectSection
EndProject
Project("{9A19103F-16F7-4668-BE54-9A1E7A4F7556}") = "Module2", "Module2\Module2.csproj", "{8EEEAF4B-6834-4EF8-84AB-BF0E0E53A1F0}"
EndProject
Project("{9A19103F-16F7-4668-BE54-9A1E7A4F7556}") = "Module2Test", "Module2Test\Module2Test.csproj", "{1B2CD2EF-B6EF-46FB-9771-5E2B077CA10D}"
EndProject
Project("{9A19103F-16F7-4668-BE54-9A1E7A4F7556}") = "Module4", "Module4\Module4.csproj", "{76515E1B-DC87-439C-9DEB-5104D05EB0C2}"
EndProject
Project("{9A19103F-16F7-4668-BE54-9A1E7A4F7556}") = "Module4Test", "Module4Test\Module4Test.csproj", "{0713AFA6-CDDE-45A9-955C-3C73A27881F7}"
EndProject
Project("{9A19103F-16F7-4668-BE54-9A1E7A4F7556}") = "Module5", "Module5\Module5.csproj", "{232E328B-2A69-485C-9A25-55D7F5675FCD}"
EndProject
Project("{9A19103F-16F7-4668-BE54-9A1E7A4F7556}") = "Module5Test", "Module5Test\Module5Test.csproj", "{60C207BB-5BF8-4E35-9F59-42176E25C5E0}"
EndProject
Project("{2150E333-8FDC-42A3-9474-1A3956D46DE8}") = "Modules", "Modules", "{1CA7AE60-6C0E-4AE0-994F-31FCD3C7B535}"
EndProject
Project("{2150E333-8FDC-42A3-9474-1A3956D46DE8}") = "Application", "Application", "{9CEDD588-43E2-4096-B537-D5B2B48C2739}"
EndProject
Project("{2150E333-8FDC-42A3-9474-1A3956D46DE8}") = "CustomerManagement.Api", "CustomerManagement.Api", "{60B628BF-6807-4252-8800-23532D4EA48A}"
EndProject
Project("{2150E333-8FDC-42A3-9474-1A3956D46DE8}") = "CustomerManagement.Logic", "CustomerManagement.Logic", "{69CCA4F6-0790-48C7-8052-B5E34D5AE389}"
EndProject
Project("{FAE04EC0-301F-11D3-BF4B-00C04F79EFBC}") = "CustomerManagement.Api", "CustomerManagement.Api\CustomerManagement.Api.csproj", "{B744A0D1-328B-46DC-B7F0-CC983AFCA514}"
EndProject
Project("{FAE04EC0-301F-11D3-BF4B-00C04F79EFBC}") = "CustomerManagement.Logic", "CustomerManagement.Logic\CustomerManagement.Logic.csproj", "{2BCE9B2C-0C20-4219-A945-4A35FEDBD542}"
EndProject
Global
	GlobalSection(SolutionConfigurationPlatforms) = preSolution
		Debug|Any CPU = Debug|Any CPU
		Release|Any CPU = Release|Any CPU
	EndGlobalSection
	GlobalSection(ProjectConfigurationPlatforms) = postSolution
		{DC03BDC5-F946-4B80-9377-A2B1766BEEEA}.Debug|Any CPU.ActiveCfg = Debug|Any CPU
		{DC03BDC5-F946-4B80-9377-A2B1766BEEEA}.Debug|Any CPU.Build.0 = Debug|Any CPU
		{DC03BDC5-F946-4B80-9377-A2B1766BEEEA}.Release|Any CPU.ActiveCfg = Release|Any CPU
		{DC03BDC5-F946-4B80-9377-A2B1766BEEEA}.Release|Any CPU.Build.0 = Release|Any CPU
		{ED854EC5-3628-4A41-BC88-415303450215}.Debug|Any CPU.ActiveCfg = Debug|Any CPU
		{ED854EC5-3628-4A41-BC88-415303450215}.Debug|Any CPU.Build.0 = Debug|Any CPU
		{ED854EC5-3628-4A41-BC88-415303450215}.Release|Any CPU.ActiveCfg = Release|Any CPU
		{ED854EC5-3628-4A41-BC88-415303450215}.Release|Any CPU.Build.0 = Release|Any CPU
		{8EEEAF4B-6834-4EF8-84AB-BF0E0E53A1F0}.Debug|Any CPU.ActiveCfg = Debug|Any CPU
		{8EEEAF4B-6834-4EF8-84AB-BF0E0E53A1F0}.Debug|Any CPU.Build.0 = Debug|Any CPU
		{8EEEAF4B-6834-4EF8-84AB-BF0E0E53A1F0}.Release|Any CPU.ActiveCfg = Release|Any CPU
		{8EEEAF4B-6834-4EF8-84AB-BF0E0E53A1F0}.Release|Any CPU.Build.0 = Release|Any CPU
		{1B2CD2EF-B6EF-46FB-9771-5E2B077CA10D}.Debug|Any CPU.ActiveCfg = Debug|Any CPU
		{1B2CD2EF-B6EF-46FB-9771-5E2B077CA10D}.Debug|Any CPU.Build.0 = Debug|Any CPU
		{1B2CD2EF-B6EF-46FB-9771-5E2B077CA10D}.Release|Any CPU.ActiveCfg = Release|Any CPU
		{1B2CD2EF-B6EF-46FB-9771-5E2B077CA10D}.Release|Any CPU.Build.0 = Release|Any CPU
		{76515E1B-DC87-439C-9DEB-5104D05EB0C2}.Debug|Any CPU.ActiveCfg = Debug|Any CPU
		{76515E1B-DC87-439C-9DEB-5104D05EB0C2}.Debug|Any CPU.Build.0 = Debug|Any CPU
		{76515E1B-DC87-439C-9DEB-5104D05EB0C2}.Release|Any CPU.ActiveCfg = Release|Any CPU
		{76515E1B-DC87-439C-9DEB-5104D05EB0C2}.Release|Any CPU.Build.0 = Release|Any CPU
		{0713AFA6-CDDE-45A9-955C-3C73A27881F7}.Debug|Any CPU.ActiveCfg = Debug|Any CPU
		{0713AFA6-CDDE-45A9-955C-3C73A27881F7}.Debug|Any CPU.Build.0 = Debug|Any CPU
		{0713AFA6-CDDE-45A9-955C-3C73A27881F7}.Release|Any CPU.ActiveCfg = Release|Any CPU
		{0713AFA6-CDDE-45A9-955C-3C73A27881F7}.Release|Any CPU.Build.0 = Release|Any CPU
		{232E328B-2A69-485C-9A25-55D7F5675FCD}.Debug|Any CPU.ActiveCfg = Debug|Any CPU
		{232E328B-2A69-485C-9A25-55D7F5675FCD}.Debug|Any CPU.Build.0 = Debug|Any CPU
		{232E328B-2A69-485C-9A25-55D7F5675FCD}.Release|Any CPU.ActiveCfg = Release|Any CPU
		{232E328B-2A69-485C-9A25-55D7F5675FCD}.Release|Any CPU.Build.0 = Release|Any CPU
		{60C207BB-5BF8-4E35-9F59-42176E25C5E0}.Debug|Any CPU.ActiveCfg = Debug|Any CPU
		{60C207BB-5BF8-4E35-9F59-42176E25C5E0}.Debug|Any CPU.Build.0 = Debug|Any CPU
		{60C207BB-5BF8-4E35-9F59-42176E25C5E0}.Release|Any CPU.ActiveCfg = Release|Any CPU
		{60C207BB-5BF8-4E35-9F59-42176E25C5E0}.Release|Any CPU.Build.0 = Release|Any CPU
		{B744A0D1-328B-46DC-B7F0-CC983AFCA514}.Debug|Any CPU.ActiveCfg = Debug|Any CPU
		{B744A0D1-328B-46DC-B7F0-CC983AFCA514}.Debug|Any CPU.Build.0 = Debug|Any CPU
		{B744A0D1-328B-46DC-B7F0-CC983AFCA514}.Release|Any CPU.ActiveCfg = Release|Any CPU
		{B744A0D1-328B-46DC-B7F0-CC983AFCA514}.Release|Any CPU.Build.0 = Release|Any CPU
		{2BCE9B2C-0C20-4219-A945-4A35FEDBD542}.Debug|Any CPU.ActiveCfg = Debug|Any CPU
		{2BCE9B2C-0C20-4219-A945-4A35FEDBD542}.Debug|Any CPU.Build.0 = Debug|Any CPU
		{2BCE9B2C-0C20-4219-A945-4A35FEDBD542}.Release|Any CPU.ActiveCfg = Release|Any CPU
		{2BCE9B2C-0C20-4219-A945-4A35FEDBD542}.Release|Any CPU.Build.0 = Release|Any CPU
	EndGlobalSection
	GlobalSection(SolutionProperties) = preSolution
		HideSolutionNode = FALSE
	EndGlobalSection
	GlobalSection(NestedProjects) = preSolution
		{DC03BDC5-F946-4B80-9377-A2B1766BEEEA} = {1CA7AE60-6C0E-4AE0-994F-31FCD3C7B535}
		{ED854EC5-3628-4A41-BC88-415303450215} = {1CA7AE60-6C0E-4AE0-994F-31FCD3C7B535}
		{8EEEAF4B-6834-4EF8-84AB-BF0E0E53A1F0} = {1CA7AE60-6C0E-4AE0-994F-31FCD3C7B535}
		{1B2CD2EF-B6EF-46FB-9771-5E2B077CA10D} = {1CA7AE60-6C0E-4AE0-994F-31FCD3C7B535}
		{76515E1B-DC87-439C-9DEB-5104D05EB0C2} = {1CA7AE60-6C0E-4AE0-994F-31FCD3C7B535}
		{0713AFA6-CDDE-45A9-955C-3C73A27881F7} = {1CA7AE60-6C0E-4AE0-994F-31FCD3C7B535}
		{232E328B-2A69-485C-9A25-55D7F5675FCD} = {1CA7AE60-6C0E-4AE0-994F-31FCD3C7B535}
		{60C207BB-5BF8-4E35-9F59-42176E25C5E0} = {1CA7AE60-6C0E-4AE0-994F-31FCD3C7B535}
		{60B628BF-6807-4252-8800-23532D4EA48A} = {9CEDD588-43E2-4096-B537-D5B2B48C2739}
		{69CCA4F6-0790-48C7-8052-B5E34D5AE389} = {9CEDD588-43E2-4096-B537-D5B2B48C2739}
		{B744A0D1-328B-46DC-B7F0-CC983AFCA514} = {60B628BF-6807-4252-8800-23532D4EA48A}
		{2BCE9B2C-0C20-4219-A945-4A35FEDBD542} = {69CCA4F6-0790-48C7-8052-B5E34D5AE389}
	EndGlobalSection
	GlobalSection(ExtensibilityGlobals) = postSolution
		SolutionGuid = {F7EFB296-2522-4438-9835-3DFF913D3CA3}
	EndGlobalSection
EndGlobal
